
Microsoft Visual Studio Solution File, Format Version 12.00
# Visual Studio 14
VisualStudioVersion = 14.0.24720.0
MinimumVisualStudioVersion = 10.0.40219.1
Project("{FAE04EC0-301F-11D3-BF4B-00C04F79EFBC}") = "MyUtilites", "MyUtilites\MyUtilites.csproj", "{AEDF5D85-FE24-49FC-9BDA-738C61C0AF72}"
EndProject
Global
	GlobalSection(SolutionConfigurationPlatforms) = preSolution
		Debug|Any CPU = Debug|Any CPU
		Release|Any CPU = Release|Any CPU
	EndGlobalSection
	GlobalSection(ProjectConfigurationPlatforms) = postSolution
		{AEDF5D85-FE24-49FC-9BDA-738C61C0AF72}.Debug|Any CPU.ActiveCfg = Debug|Any CPU
		{AEDF5D85-FE24-49FC-9BDA-738C61C0AF72}.Debug|Any CPU.Build.0 = Debug|Any CPU
		{AEDF5D85-FE24-49FC-9BDA-738C61C0AF72}.Release|Any CPU.ActiveCfg = Release|Any CPU
		{AEDF5D85-FE24-49FC-9BDA-738C61C0AF72}.Release|Any CPU.Build.0 = Release|Any CPU
	EndGlobalSection
	GlobalSection(SolutionProperties) = preSolution
		HideSolutionNode = FALSE
	EndGlobalSection
EndGlobal
